// !$*UTF8*$!
{
	archiveVersion = 1;
	classes = {
	};
	objectVersion = 48;
	objects = {

/* Begin PBXBuildFile section */
		DAB6F82D205DDC44001AC2B6 /* Assets.xcassets in Resources */ = {isa = PBXBuildFile; fileRef = DAB6F82C205DDC44001AC2B6 /* Assets.xcassets */; };
		DAB6F834205DDC44001AC2B6 /* FaceMoji MessagesExtension.appex in Embed App Extensions */ = {isa = PBXBuildFile; fileRef = DAB6F833205DDC44001AC2B6 /* FaceMoji MessagesExtension.appex */; settings = {ATTRIBUTES = (RemoveHeadersOnCopy, ); }; };
		DAB6F839205DDC44001AC2B6 /* Messages.framework in Frameworks */ = {isa = PBXBuildFile; fileRef = DAB6F838205DDC44001AC2B6 /* Messages.framework */; };
		DAB6F83C205DDC44001AC2B6 /* MessagesViewController.swift in Sources */ = {isa = PBXBuildFile; fileRef = DAB6F83B205DDC44001AC2B6 /* MessagesViewController.swift */; };
		DAB6F83F205DDC44001AC2B6 /* MainInterface.storyboard in Resources */ = {isa = PBXBuildFile; fileRef = DAB6F83D205DDC44001AC2B6 /* MainInterface.storyboard */; };
		DAB6F841205DDC44001AC2B6 /* Assets.xcassets in Resources */ = {isa = PBXBuildFile; fileRef = DAB6F840205DDC44001AC2B6 /* Assets.xcassets */; };
/* End PBXBuildFile section */

/* Begin PBXContainerItemProxy section */
		DAB6F835205DDC44001AC2B6 /* PBXContainerItemProxy */ = {
			isa = PBXContainerItemProxy;
			containerPortal = DAB6F823205DDC44001AC2B6 /* Project object */;
			proxyType = 1;
			remoteGlobalIDString = DAB6F832205DDC44001AC2B6;
			remoteInfo = "FaceMoji MessagesExtension";
		};
/* End PBXContainerItemProxy section */

/* Begin PBXCopyFilesBuildPhase section */
		DAB6F848205DDC44001AC2B6 /* Embed App Extensions */ = {
			isa = PBXCopyFilesBuildPhase;
			buildActionMask = 2147483647;
			dstPath = "";
			dstSubfolderSpec = 13;
			files = (
				DAB6F834205DDC44001AC2B6 /* FaceMoji MessagesExtension.appex in Embed App Extensions */,
			);
			name = "Embed App Extensions";
			runOnlyForDeploymentPostprocessing = 0;
		};
/* End PBXCopyFilesBuildPhase section */

/* Begin PBXFileReference section */
		DAB6F829205DDC44001AC2B6 /* FaceMoji.app */ = {isa = PBXFileReference; explicitFileType = wrapper.application; includeInIndex = 0; path = FaceMoji.app; sourceTree = BUILT_PRODUCTS_DIR; };
		DAB6F82C205DDC44001AC2B6 /* Assets.xcassets */ = {isa = PBXFileReference; lastKnownFileType = folder.assetcatalog; path = Assets.xcassets; sourceTree = "<group>"; };
		DAB6F82E205DDC44001AC2B6 /* Info.plist */ = {isa = PBXFileReference; lastKnownFileType = text.plist.xml; path = Info.plist; sourceTree = "<group>"; };
		DAB6F833205DDC44001AC2B6 /* FaceMoji MessagesExtension.appex */ = {isa = PBXFileReference; explicitFileType = "wrapper.app-extension"; includeInIndex = 0; path = "FaceMoji MessagesExtension.appex"; sourceTree = BUILT_PRODUCTS_DIR; };
		DAB6F838205DDC44001AC2B6 /* Messages.framework */ = {isa = PBXFileReference; lastKnownFileType = wrapper.framework; name = Messages.framework; path = System/Library/Frameworks/Messages.framework; sourceTree = SDKROOT; };
		DAB6F83B205DDC44001AC2B6 /* MessagesViewController.swift */ = {isa = PBXFileReference; lastKnownFileType = sourcecode.swift; path = MessagesViewController.swift; sourceTree = "<group>"; };
		DAB6F83E205DDC44001AC2B6 /* Base */ = {isa = PBXFileReference; lastKnownFileType = file.storyboard; name = Base; path = Base.lproj/MainInterface.storyboard; sourceTree = "<group>"; };
		DAB6F840205DDC44001AC2B6 /* Assets.xcassets */ = {isa = PBXFileReference; lastKnownFileType = folder.assetcatalog; path = Assets.xcassets; sourceTree = "<group>"; };
		DAB6F842205DDC44001AC2B6 /* Info.plist */ = {isa = PBXFileReference; lastKnownFileType = text.plist.xml; path = Info.plist; sourceTree = "<group>"; };
/* End PBXFileReference section */

/* Begin PBXFrameworksBuildPhase section */
		DAB6F830205DDC44001AC2B6 /* Frameworks */ = {
			isa = PBXFrameworksBuildPhase;
			buildActionMask = 2147483647;
			files = (
				DAB6F839205DDC44001AC2B6 /* Messages.framework in Frameworks */,
			);
			runOnlyForDeploymentPostprocessing = 0;
		};
/* End PBXFrameworksBuildPhase section */

/* Begin PBXGroup section */
		DAB6F822205DDC44001AC2B6 = {
			isa = PBXGroup;
			children = (
				DAB6F82B205DDC44001AC2B6 /* FaceMoji */,
				DAB6F83A205DDC44001AC2B6 /* FaceMoji MessagesExtension */,
				DAB6F837205DDC44001AC2B6 /* Frameworks */,
				DAB6F82A205DDC44001AC2B6 /* Products */,
			);
			sourceTree = "<group>";
		};
		DAB6F82A205DDC44001AC2B6 /* Products */ = {
			isa = PBXGroup;
			children = (
				DAB6F829205DDC44001AC2B6 /* FaceMoji.app */,
				DAB6F833205DDC44001AC2B6 /* FaceMoji MessagesExtension.appex */,
			);
			name = Products;
			sourceTree = "<group>";
		};
		DAB6F82B205DDC44001AC2B6 /* FaceMoji */ = {
			isa = PBXGroup;
			children = (
				DAB6F82C205DDC44001AC2B6 /* Assets.xcassets */,
				DAB6F82E205DDC44001AC2B6 /* Info.plist */,
			);
			path = FaceMoji;
			sourceTree = "<group>";
		};
		DAB6F837205DDC44001AC2B6 /* Frameworks */ = {
			isa = PBXGroup;
			children = (
				DAB6F838205DDC44001AC2B6 /* Messages.framework */,
			);
			name = Frameworks;
			sourceTree = "<group>";
		};
		DAB6F83A205DDC44001AC2B6 /* FaceMoji MessagesExtension */ = {
			isa = PBXGroup;
			children = (
				DAB6F83B205DDC44001AC2B6 /* MessagesViewController.swift */,
				DAB6F83D205DDC44001AC2B6 /* MainInterface.storyboard */,
				DAB6F840205DDC44001AC2B6 /* Assets.xcassets */,
				DAB6F842205DDC44001AC2B6 /* Info.plist */,
			);
			path = "FaceMoji MessagesExtension";
			sourceTree = "<group>";
		};
/* End PBXGroup section */

/* Begin PBXNativeTarget section */
		DAB6F828205DDC44001AC2B6 /* FaceMoji */ = {
			isa = PBXNativeTarget;
			buildConfigurationList = DAB6F849205DDC44001AC2B6 /* Build configuration list for PBXNativeTarget "FaceMoji" */;
			buildPhases = (
				DAB6F827205DDC44001AC2B6 /* Resources */,
				DAB6F848205DDC44001AC2B6 /* Embed App Extensions */,
			);
			buildRules = (
			);
			dependencies = (
				DAB6F836205DDC44001AC2B6 /* PBXTargetDependency */,
			);
			name = FaceMoji;
			productName = FaceMoji;
			productReference = DAB6F829205DDC44001AC2B6 /* FaceMoji.app */;
			productType = "com.apple.product-type.application.messages";
		};
		DAB6F832205DDC44001AC2B6 /* FaceMoji MessagesExtension */ = {
			isa = PBXNativeTarget;
			buildConfigurationList = DAB6F845205DDC44001AC2B6 /* Build configuration list for PBXNativeTarget "FaceMoji MessagesExtension" */;
			buildPhases = (
				DAB6F82F205DDC44001AC2B6 /* Sources */,
				DAB6F830205DDC44001AC2B6 /* Frameworks */,
				DAB6F831205DDC44001AC2B6 /* Resources */,
			);
			buildRules = (
			);
			dependencies = (
			);
			name = "FaceMoji MessagesExtension";
			productName = "FaceMoji MessagesExtension";
			productReference = DAB6F833205DDC44001AC2B6 /* FaceMoji MessagesExtension.appex */;
			productType = "com.apple.product-type.app-extension.messages";
		};
/* End PBXNativeTarget section */

/* Begin PBXProject section */
		DAB6F823205DDC44001AC2B6 /* Project object */ = {
			isa = PBXProject;
			attributes = {
				LastSwiftUpdateCheck = 0920;
				LastUpgradeCheck = 0920;
				ORGANIZATIONNAME = "Vardhan Agrawal";
				TargetAttributes = {
					DAB6F828205DDC44001AC2B6 = {
						CreatedOnToolsVersion = 9.2;
						ProvisioningStyle = Automatic;
					};
					DAB6F832205DDC44001AC2B6 = {
						CreatedOnToolsVersion = 9.2;
						ProvisioningStyle = Automatic;
					};
				};
			};
			buildConfigurationList = DAB6F826205DDC44001AC2B6 /* Build configuration list for PBXProject "FaceMoji" */;
			compatibilityVersion = "Xcode 8.0";
			developmentRegion = en;
			hasScannedForEncodings = 0;
			knownRegions = (
				en,
				Base,
			);
			mainGroup = DAB6F822205DDC44001AC2B6;
			productRefGroup = DAB6F82A205DDC44001AC2B6 /* Products */;
			projectDirPath = "";
			projectRoot = "";
			targets = (
				DAB6F828205DDC44001AC2B6 /* FaceMoji */,
				DAB6F832205DDC44001AC2B6 /* FaceMoji MessagesExtension */,
			);
		};
/* End PBXProject section */

/* Begin PBXResourcesBuildPhase section */
		DAB6F827205DDC44001AC2B6 /* Resources */ = {
			isa = PBXResourcesBuildPhase;
			buildActionMask = 2147483647;
			files = (
				DAB6F82D205DDC44001AC2B6 /* Assets.xcassets in Resources */,
			);
			runOnlyForDeploymentPostprocessing = 0;
		};
		DAB6F831205DDC44001AC2B6 /* Resources */ = {
			isa = PBXResourcesBuildPhase;
			buildActionMask = 2147483647;
			files = (
				DAB6F841205DDC44001AC2B6 /* Assets.xcassets in Resources */,
				DAB6F83F205DDC44001AC2B6 /* MainInterface.storyboard in Resources */,
			);
			runOnlyForDeploymentPostprocessing = 0;
		};
/* End PBXResourcesBuildPhase section */

/* Begin PBXSourcesBuildPhase section */
		DAB6F82F205DDC44001AC2B6 /* Sources */ = {
			isa = PBXSourcesBuildPhase;
			buildActionMask = 2147483647;
			files = (
				DAB6F83C205DDC44001AC2B6 /* MessagesViewController.swift in Sources */,
			);
			runOnlyForDeploymentPostprocessing = 0;
		};
/* End PBXSourcesBuildPhase section */

/* Begin PBXTargetDependency section */
		DAB6F836205DDC44001AC2B6 /* PBXTargetDependency */ = {
			isa = PBXTargetDependency;
			target = DAB6F832205DDC44001AC2B6 /* FaceMoji MessagesExtension */;
			targetProxy = DAB6F835205DDC44001AC2B6 /* PBXContainerItemProxy */;
		};
/* End PBXTargetDependency section */

/* Begin PBXVariantGroup section */
		DAB6F83D205DDC44001AC2B6 /* MainInterface.storyboard */ = {
			isa = PBXVariantGroup;
			children = (
				DAB6F83E205DDC44001AC2B6 /* Base */,
			);
			name = MainInterface.storyboard;
			sourceTree = "<group>";
		};
/* End PBXVariantGroup section */

/* Begin XCBuildConfiguration section */
		DAB6F843205DDC44001AC2B6 /* Debug */ = {
			isa = XCBuildConfiguration;
			buildSettings = {
				ALWAYS_SEARCH_USER_PATHS = NO;
				CLANG_ANALYZER_NONNULL = YES;
				CLANG_ANALYZER_NUMBER_OBJECT_CONVERSION = YES_AGGRESSIVE;
				CLANG_CXX_LANGUAGE_STANDARD = "gnu++14";
				CLANG_CXX_LIBRARY = "libc++";
				CLANG_ENABLE_MODULES = YES;
				CLANG_ENABLE_OBJC_ARC = YES;
				CLANG_WARN_BLOCK_CAPTURE_AUTORELEASING = YES;
				CLANG_WARN_BOOL_CONVERSION = YES;
				CLANG_WARN_COMMA = YES;
				CLANG_WARN_CONSTANT_CONVERSION = YES;
				CLANG_WARN_DIRECT_OBJC_ISA_USAGE = YES_ERROR;
				CLANG_WARN_DOCUMENTATION_COMMENTS = YES;
				CLANG_WARN_EMPTY_BODY = YES;
				CLANG_WARN_ENUM_CONVERSION = YES;
				CLANG_WARN_INFINITE_RECURSION = YES;
				CLANG_WARN_INT_CONVERSION = YES;
				CLANG_WARN_NON_LITERAL_NULL_CONVERSION = YES;
				CLANG_WARN_OBJC_LITERAL_CONVERSION = YES;
				CLANG_WARN_OBJC_ROOT_CLASS = YES_ERROR;
				CLANG_WARN_RANGE_LOOP_ANALYSIS = YES;
				CLANG_WARN_STRICT_PROTOTYPES = YES;
				CLANG_WARN_SUSPICIOUS_MOVE = YES;
				CLANG_WARN_UNGUARDED_AVAILABILITY = YES_AGGRESSIVE;
				CLANG_WARN_UNREACHABLE_CODE = YES;
				CLANG_WARN__DUPLICATE_METHOD_MATCH = YES;
				CODE_SIGN_IDENTITY = "iPhone Developer";
				COPY_PHASE_STRIP = NO;
				DEBUG_INFORMATION_FORMAT = dwarf;
				ENABLE_STRICT_OBJC_MSGSEND = YES;
				ENABLE_TESTABILITY = YES;
				GCC_C_LANGUAGE_STANDARD = gnu11;
				GCC_DYNAMIC_NO_PIC = NO;
				GCC_NO_COMMON_BLOCKS = YES;
				GCC_OPTIMIZATION_LEVEL = 0;
				GCC_PREPROCESSOR_DEFINITIONS = (
					"DEBUG=1",
					"$(inherited)",
				);
				GCC_WARN_64_TO_32_BIT_CONVERSION = YES;
				GCC_WARN_ABOUT_RETURN_TYPE = YES_ERROR;
				GCC_WARN_UNDECLARED_SELECTOR = YES;
				GCC_WARN_UNINITIALIZED_AUTOS = YES_AGGRESSIVE;
				GCC_WARN_UNUSED_FUNCTION = YES;
				GCC_WARN_UNUSED_VARIABLE = YES;
				IPHONEOS_DEPLOYMENT_TARGET = 11.2;
				MTL_ENABLE_DEBUG_INFO = YES;
				ONLY_ACTIVE_ARCH = YES;
				SDKROOT = iphoneos;
				SWIFT_ACTIVE_COMPILATION_CONDITIONS = DEBUG;
				SWIFT_OPTIMIZATION_LEVEL = "-Onone";
			};
			name = Debug;
		};
		DAB6F844205DDC44001AC2B6 /* Release */ = {
			isa = XCBuildConfiguration;
			buildSettings = {
				ALWAYS_SEARCH_USER_PATHS = NO;
				CLANG_ANALYZER_NONNULL = YES;
				CLANG_ANALYZER_NUMBER_OBJECT_CONVERSION = YES_AGGRESSIVE;
				CLANG_CXX_LANGUAGE_STANDARD = "gnu++14";
				CLANG_CXX_LIBRARY = "libc++";
				CLANG_ENABLE_MODULES = YES;
				CLANG_ENABLE_OBJC_ARC = YES;
				CLANG_WARN_BLOCK_CAPTURE_AUTORELEASING = YES;
				CLANG_WARN_BOOL_CONVERSION = YES;
				CLANG_WARN_COMMA = YES;
				CLANG_WARN_CONSTANT_CONVERSION = YES;
				CLANG_WARN_DIRECT_OBJC_ISA_USAGE = YES_ERROR;
				CLANG_WARN_DOCUMENTATION_COMMENTS = YES;
				CLANG_WARN_EMPTY_BODY = YES;
				CLANG_WARN_ENUM_CONVERSION = YES;
				CLANG_WARN_INFINITE_RECURSION = YES;
				CLANG_WARN_INT_CONVERSION = YES;
				CLANG_WARN_NON_LITERAL_NULL_CONVERSION = YES;
				CLANG_WARN_OBJC_LITERAL_CONVERSION = YES;
				CLANG_WARN_OBJC_ROOT_CLASS = YES_ERROR;
				CLANG_WARN_RANGE_LOOP_ANALYSIS = YES;
				CLANG_WARN_STRICT_PROTOTYPES = YES;
				CLANG_WARN_SUSPICIOUS_MOVE = YES;
				CLANG_WARN_UNGUARDED_AVAILABILITY = YES_AGGRESSIVE;
				CLANG_WARN_UNREACHABLE_CODE = YES;
				CLANG_WARN__DUPLICATE_METHOD_MATCH = YES;
				CODE_SIGN_IDENTITY = "iPhone Developer";
				COPY_PHASE_STRIP = NO;
				DEBUG_INFORMATION_FORMAT = "dwarf-with-dsym";
				ENABLE_NS_ASSERTIONS = NO;
				ENABLE_STRICT_OBJC_MSGSEND = YES;
				GCC_C_LANGUAGE_STANDARD = gnu11;
				GCC_NO_COMMON_BLOCKS = YES;
				GCC_WARN_64_TO_32_BIT_CONVERSION = YES;
				GCC_WARN_ABOUT_RETURN_TYPE = YES_ERROR;
				GCC_WARN_UNDECLARED_SELECTOR = YES;
				GCC_WARN_UNINITIALIZED_AUTOS = YES_AGGRESSIVE;
				GCC_WARN_UNUSED_FUNCTION = YES;
				GCC_WARN_UNUSED_VARIABLE = YES;
				IPHONEOS_DEPLOYMENT_TARGET = 11.2;
				MTL_ENABLE_DEBUG_INFO = NO;
				SDKROOT = iphoneos;
				SWIFT_OPTIMIZATION_LEVEL = "-Owholemodule";
				VALIDATE_PRODUCT = YES;
			};
			name = Release;
		};
		DAB6F846205DDC44001AC2B6 /* Debug */ = {
			isa = XCBuildConfiguration;
			buildSettings = {
				ASSETCATALOG_COMPILER_APPICON_NAME = "iMessage App Icon";
				CODE_SIGN_STYLE = Automatic;
				DEVELOPMENT_TEAM = H652T59SLE;
				INFOPLIST_FILE = "FaceMoji MessagesExtension/Info.plist";
				LD_RUNPATH_SEARCH_PATHS = "$(inherited) @executable_path/Frameworks @executable_path/../../Frameworks";
				PRODUCT_BUNDLE_IDENTIFIER = edu.self.FaceMoji.MessagesExtension;
				PRODUCT_NAME = "$(TARGET_NAME)";
				SKIP_INSTALL = YES;
				SWIFT_VERSION = 4.0;
				TARGETED_DEVICE_FAMILY = "1,2";
			};
			name = Debug;
		};
		DAB6F847205DDC44001AC2B6 /* Release */ = {
			isa = XCBuildConfiguration;
			buildSettings = {
				ASSETCATALOG_COMPILER_APPICON_NAME = "iMessage App Icon";
				CODE_SIGN_STYLE = Automatic;
				DEVELOPMENT_TEAM = H652T59SLE;
				INFOPLIST_FILE = "FaceMoji MessagesExtension/Info.plist";
				LD_RUNPATH_SEARCH_PATHS = "$(inherited) @executable_path/Frameworks @executable_path/../../Frameworks";
				PRODUCT_BUNDLE_IDENTIFIER = edu.self.FaceMoji.MessagesExtension;
				PRODUCT_NAME = "$(TARGET_NAME)";
				SKIP_INSTALL = YES;
				SWIFT_VERSION = 4.0;
				TARGETED_DEVICE_FAMILY = "1,2";
			};
			name = Release;
		};
		DAB6F84A205DDC44001AC2B6 /* Debug */ = {
			isa = XCBuildConfiguration;
			buildSettings = {
				ALWAYS_EMBED_SWIFT_STANDARD_LIBRARIES = YES;
				ASSETCATALOG_COMPILER_APPICON_NAME = AppIcon;
				CODE_SIGN_STYLE = Automatic;
				DEVELOPMENT_TEAM = H652T59SLE;
				INFOPLIST_FILE = FaceMoji/Info.plist;
				PRODUCT_BUNDLE_IDENTIFIER = edu.self.FaceMoji;
				PRODUCT_NAME = "$(TARGET_NAME)";
				SWIFT_VERSION = 4.0;
				TARGETED_DEVICE_FAMILY = "1,2";
			};
			name = Debug;
		};
		DAB6F84B205DDC44001AC2B6 /* Release */ = {
			isa = XCBuildConfiguration;
			buildSettings = {
				ALWAYS_EMBED_SWIFT_STANDARD_LIBRARIES = YES;
				ASSETCATALOG_COMPILER_APPICON_NAME = AppIcon;
				CODE_SIGN_STYLE = Automatic;
				DEVELOPMENT_TEAM = H652T59SLE;
				INFOPLIST_FILE = FaceMoji/Info.plist;
				PRODUCT_BUNDLE_IDENTIFIER = edu.self.FaceMoji;
				PRODUCT_NAME = "$(TARGET_NAME)";
				SWIFT_VERSION = 4.0;
				TARGETED_DEVICE_FAMILY = "1,2";
			};
			name = Release;
		};
/* End XCBuildConfiguration section */

/* Begin XCConfigurationList section */
		DAB6F826205DDC44001AC2B6 /* Build configuration list for PBXProject "FaceMoji" */ = {
			isa = XCConfigurationList;
			buildConfigurations = (
				DAB6F843205DDC44001AC2B6 /* Debug */,
				DAB6F844205DDC44001AC2B6 /* Release */,
			);
			defaultConfigurationIsVisible = 0;
			defaultConfigurationName = Release;
		};
		DAB6F845205DDC44001AC2B6 /* Build configuration list for PBXNativeTarget "FaceMoji MessagesExtension" */ = {
			isa = XCConfigurationList;
			buildConfigurations = (
				DAB6F846205DDC44001AC2B6 /* Debug */,
				DAB6F847205DDC44001AC2B6 /* Release */,
			);
			defaultConfigurationIsVisible = 0;
			defaultConfigurationName = Release;
		};
		DAB6F849205DDC44001AC2B6 /* Build configuration list for PBXNativeTarget "FaceMoji" */ = {
			isa = XCConfigurationList;
			buildConfigurations = (
				DAB6F84A205DDC44001AC2B6 /* Debug */,
				DAB6F84B205DDC44001AC2B6 /* Release */,
			);
			defaultConfigurationIsVisible = 0;
			defaultConfigurationName = Release;
		};
/* End XCConfigurationList section */
	};
	rootObject = DAB6F823205DDC44001AC2B6 /* Project object */;
}
